// !$*UTF8*$!
{
	archiveVersion = 1;
	classes = {
	};
	objectVersion = 46;
	objects = {

/* Begin PBXBuildFile section */
		2C683B9E1C132D5C0061D53F /* AppDelegate.swift in Sources */ = {isa = PBXBuildFile; fileRef = 2C683B9D1C132D5C0061D53F /* AppDelegate.swift */; };
		2C683BA31C132D5C0061D53F /* Main.storyboard in Resources */ = {isa = PBXBuildFile; fileRef = 2C683BA11C132D5C0061D53F /* Main.storyboard */; };
		2C683BA51C132D5C0061D53F /* Assets.xcassets in Resources */ = {isa = PBXBuildFile; fileRef = 2C683BA41C132D5C0061D53F /* Assets.xcassets */; };
		2C683BA81C132D5C0061D53F /* LaunchScreen.storyboard in Resources */ = {isa = PBXBuildFile; fileRef = 2C683BA61C132D5C0061D53F /* LaunchScreen.storyboard */; };
		2C683BB11C1352E00061D53F /* LoginViewController.swift in Sources */ = {isa = PBXBuildFile; fileRef = 2C683BB01C1352E00061D53F /* LoginViewController.swift */; };
		2C683BB41C1359930061D53F /* MonoButton.swift in Sources */ = {isa = PBXBuildFile; fileRef = 2C683BB31C1359930061D53F /* MonoButton.swift */; };
		2C683BB61C135A360061D53F /* Constants.swift in Sources */ = {isa = PBXBuildFile; fileRef = 2C683BB51C135A360061D53F /* Constants.swift */; };
/* End PBXBuildFile section */

/* Begin PBXFileReference section */
		2C683B9A1C132D5C0061D53F /* monochrome.app */ = {isa = PBXFileReference; explicitFileType = wrapper.application; includeInIndex = 0; path = monochrome.app; sourceTree = BUILT_PRODUCTS_DIR; };
		2C683B9D1C132D5C0061D53F /* AppDelegate.swift */ = {isa = PBXFileReference; lastKnownFileType = sourcecode.swift; path = AppDelegate.swift; sourceTree = "<group>"; };
		2C683BA21C132D5C0061D53F /* Base */ = {isa = PBXFileReference; lastKnownFileType = file.storyboard; name = Base; path = Base.lproj/Main.storyboard; sourceTree = "<group>"; };
		2C683BA41C132D5C0061D53F /* Assets.xcassets */ = {isa = PBXFileReference; lastKnownFileType = folder.assetcatalog; path = Assets.xcassets; sourceTree = "<group>"; };
		2C683BA71C132D5C0061D53F /* Base */ = {isa = PBXFileReference; lastKnownFileType = file.storyboard; name = Base; path = Base.lproj/LaunchScreen.storyboard; sourceTree = "<group>"; };
		2C683BA91C132D5C0061D53F /* Info.plist */ = {isa = PBXFileReference; lastKnownFileType = text.plist.xml; path = Info.plist; sourceTree = "<group>"; };
		2C683BB01C1352E00061D53F /* LoginViewController.swift */ = {isa = PBXFileReference; fileEncoding = 4; lastKnownFileType = sourcecode.swift; path = LoginViewController.swift; sourceTree = "<group>"; };
		2C683BB31C1359930061D53F /* MonoButton.swift */ = {isa = PBXFileReference; fileEncoding = 4; lastKnownFileType = sourcecode.swift; path = MonoButton.swift; sourceTree = "<group>"; };
		2C683BB51C135A360061D53F /* Constants.swift */ = {isa = PBXFileReference; fileEncoding = 4; lastKnownFileType = sourcecode.swift; path = Constants.swift; sourceTree = "<group>"; };
/* End PBXFileReference section */

/* Begin PBXFrameworksBuildPhase section */
		2C683B971C132D5C0061D53F /* Frameworks */ = {
			isa = PBXFrameworksBuildPhase;
			buildActionMask = 2147483647;
			files = (
			);
			runOnlyForDeploymentPostprocessing = 0;
		};
/* End PBXFrameworksBuildPhase section */

/* Begin PBXGroup section */
		2C683B911C132D5C0061D53F = {
			isa = PBXGroup;
			children = (
				2C683B9C1C132D5C0061D53F /* monochrome */,
				2C683B9B1C132D5C0061D53F /* Products */,
			);
			sourceTree = "<group>";
		};
		2C683B9B1C132D5C0061D53F /* Products */ = {
			isa = PBXGroup;
			children = (
				2C683B9A1C132D5C0061D53F /* monochrome.app */,
			);
			name = Products;
			sourceTree = "<group>";
		};
		2C683B9C1C132D5C0061D53F /* monochrome */ = {
			isa = PBXGroup;
			children = (
				2C683BB71C135A440061D53F /* Utils */,
				2C683BB21C13594C0061D53F /* View */,
				2C683BAF1C1352A30061D53F /* Controller */,
				2C683B9D1C132D5C0061D53F /* AppDelegate.swift */,
				2C683BA11C132D5C0061D53F /* Main.storyboard */,
				2C683BA41C132D5C0061D53F /* Assets.xcassets */,
				2C683BA61C132D5C0061D53F /* LaunchScreen.storyboard */,
				2C683BA91C132D5C0061D53F /* Info.plist */,
			);
			path = monochrome;
			sourceTree = "<group>";
		};
		2C683BAF1C1352A30061D53F /* Controller */ = {
			isa = PBXGroup;
			children = (
				2C683BB01C1352E00061D53F /* LoginViewController.swift */,
			);
			name = Controller;
			sourceTree = "<group>";
		};
		2C683BB21C13594C0061D53F /* View */ = {
			isa = PBXGroup;
			children = (
				2C683BB31C1359930061D53F /* MonoButton.swift */,
			);
			name = View;
			sourceTree = "<group>";
		};
		2C683BB71C135A440061D53F /* Utils */ = {
			isa = PBXGroup;
			children = (
				2C683BB51C135A360061D53F /* Constants.swift */,
			);
			name = Utils;
			sourceTree = "<group>";
		};
/* End PBXGroup section */

/* Begin PBXNativeTarget section */
		2C683B991C132D5C0061D53F /* monochrome */ = {
			isa = PBXNativeTarget;
			buildConfigurationList = 2C683BAC1C132D5C0061D53F /* Build configuration list for PBXNativeTarget "monochrome" */;
			buildPhases = (
				2C683B961C132D5C0061D53F /* Sources */,
				2C683B971C132D5C0061D53F /* Frameworks */,
				2C683B981C132D5C0061D53F /* Resources */,
			);
			buildRules = (
			);
			dependencies = (
			);
			name = monochrome;
			productName = monochrome;
			productReference = 2C683B9A1C132D5C0061D53F /* monochrome.app */;
			productType = "com.apple.product-type.application";
		};
/* End PBXNativeTarget section */

/* Begin PBXProject section */
		2C683B921C132D5C0061D53F /* Project object */ = {
			isa = PBXProject;
			attributes = {
				LastSwiftUpdateCheck = 0710;
				LastUpgradeCheck = 0710;
				ORGANIZATIONNAME = "Siew Mai Chan";
				TargetAttributes = {
					2C683B991C132D5C0061D53F = {
						CreatedOnToolsVersion = 7.1.1;
					};
				};
			};
			buildConfigurationList = 2C683B951C132D5C0061D53F /* Build configuration list for PBXProject "monochrome" */;
			compatibilityVersion = "Xcode 3.2";
			developmentRegion = English;
			hasScannedForEncodings = 0;
			knownRegions = (
				en,
				Base,
			);
			mainGroup = 2C683B911C132D5C0061D53F;
			productRefGroup = 2C683B9B1C132D5C0061D53F /* Products */;
			projectDirPath = "";
			projectRoot = "";
			targets = (
				2C683B991C132D5C0061D53F /* monochrome */,
			);
		};
/* End PBXProject section */

/* Begin PBXResourcesBuildPhase section */
		2C683B981C132D5C0061D53F /* Resources */ = {
			isa = PBXResourcesBuildPhase;
			buildActionMask = 2147483647;
			files = (
				2C683BA81C132D5C0061D53F /* LaunchScreen.storyboard in Resources */,
				2C683BA51C132D5C0061D53F /* Assets.xcassets in Resources */,
				2C683BA31C132D5C0061D53F /* Main.storyboard in Resources */,
			);
			runOnlyForDeploymentPostprocessing = 0;
		};
/* End PBXResourcesBuildPhase section */

/* Begin PBXSourcesBuildPhase section */
		2C683B961C132D5C0061D53F /* Sources */ = {
			isa = PBXSourcesBuildPhase;
			buildActionMask = 2147483647;
			files = (
				2C683BB61C135A360061D53F /* Constants.swift in Sources */,
				2C683BB41C1359930061D53F /* MonoButton.swift in Sources */,
				2C683BB11C1352E00061D53F /* LoginViewController.swift in Sources */,
				2C683B9E1C132D5C0061D53F /* AppDelegate.swift in Sources */,
			);
			runOnlyForDeploymentPostprocessing = 0;
		};
/* End PBXSourcesBuildPhase section */

/* Begin PBXVariantGroup section */
		2C683BA11C132D5C0061D53F /* Main.storyboard */ = {
			isa = PBXVariantGroup;
			children = (
				2C683BA21C132D5C0061D53F /* Base */,
			);
			name = Main.storyboard;
			sourceTree = "<group>";
		};
		2C683BA61C132D5C0061D53F /* LaunchScreen.storyboard */ = {
			isa = PBXVariantGroup;
			children = (
				2C683BA71C132D5C0061D53F /* Base */,
			);
			name = LaunchScreen.storyboard;
			sourceTree = "<group>";
		};
/* End PBXVariantGroup section */

/* Begin XCBuildConfiguration section */
		2C683BAA1C132D5C0061D53F /* Debug */ = {
			isa = XCBuildConfiguration;
			buildSettings = {
				ALWAYS_SEARCH_USER_PATHS = NO;
				CLANG_CXX_LANGUAGE_STANDARD = "gnu++0x";
				CLANG_CXX_LIBRARY = "libc++";
				CLANG_ENABLE_MODULES = YES;
				CLANG_ENABLE_OBJC_ARC = YES;
				CLANG_WARN_BOOL_CONVERSION = YES;
				CLANG_WARN_CONSTANT_CONVERSION = YES;
				CLANG_WARN_DIRECT_OBJC_ISA_USAGE = YES_ERROR;
				CLANG_WARN_EMPTY_BODY = YES;
				CLANG_WARN_ENUM_CONVERSION = YES;
				CLANG_WARN_INT_CONVERSION = YES;
				CLANG_WARN_OBJC_ROOT_CLASS = YES_ERROR;
				CLANG_WARN_UNREACHABLE_CODE = YES;
				CLANG_WARN__DUPLICATE_METHOD_MATCH = YES;
				"CODE_SIGN_IDENTITY[sdk=iphoneos*]" = "iPhone Developer";
				COPY_PHASE_STRIP = NO;
				DEBUG_INFORMATION_FORMAT = dwarf;
				ENABLE_STRICT_OBJC_MSGSEND = YES;
				ENABLE_TESTABILITY = YES;
				GCC_C_LANGUAGE_STANDARD = gnu99;
				GCC_DYNAMIC_NO_PIC = NO;
				GCC_NO_COMMON_BLOCKS = YES;
				GCC_OPTIMIZATION_LEVEL = 0;
				GCC_PREPROCESSOR_DEFINITIONS = (
					"DEBUG=1",
					"$(inherited)",
				);
				GCC_WARN_64_TO_32_BIT_CONVERSION = YES;
				GCC_WARN_ABOUT_RETURN_TYPE = YES_ERROR;
				GCC_WARN_UNDECLARED_SELECTOR = YES;
				GCC_WARN_UNINITIALIZED_AUTOS = YES_AGGRESSIVE;
				GCC_WARN_UNUSED_FUNCTION = YES;
				GCC_WARN_UNUSED_VARIABLE = YES;
				IPHONEOS_DEPLOYMENT_TARGET = 9.1;
				MTL_ENABLE_DEBUG_INFO = YES;
				ONLY_ACTIVE_ARCH = YES;
				SDKROOT = iphoneos;
				SWIFT_OPTIMIZATION_LEVEL = "-Onone";
				TARGETED_DEVICE_FAMILY = "1,2";
			};
			name = Debug;
		};
		2C683BAB1C132D5C0061D53F /* Release */ = {
			isa = XCBuildConfiguration;
			buildSettings = {
				ALWAYS_SEARCH_USER_PATHS = NO;
				CLANG_CXX_LANGUAGE_STANDARD = "gnu++0x";
				CLANG_CXX_LIBRARY = "libc++";
				CLANG_ENABLE_MODULES = YES;
				CLANG_ENABLE_OBJC_ARC = YES;
				CLANG_WARN_BOOL_CONVERSION = YES;
				CLANG_WARN_CONSTANT_CONVERSION = YES;
				CLANG_WARN_DIRECT_OBJC_ISA_USAGE = YES_ERROR;
				CLANG_WARN_EMPTY_BODY = YES;
				CLANG_WARN_ENUM_CONVERSION = YES;
				CLANG_WARN_INT_CONVERSION = YES;
				CLANG_WARN_OBJC_ROOT_CLASS = YES_ERROR;
				CLANG_WARN_UNREACHABLE_CODE = YES;
				CLANG_WARN__DUPLICATE_METHOD_MATCH = YES;
				"CODE_SIGN_IDENTITY[sdk=iphoneos*]" = "iPhone Developer";
				COPY_PHASE_STRIP = NO;
				DEBUG_INFORMATION_FORMAT = "dwarf-with-dsym";
				ENABLE_NS_ASSERTIONS = NO;
				ENABLE_STRICT_OBJC_MSGSEND = YES;
				GCC_C_LANGUAGE_STANDARD = gnu99;
				GCC_NO_COMMON_BLOCKS = YES;
				GCC_WARN_64_TO_32_BIT_CONVERSION = YES;
				GCC_WARN_ABOUT_RETURN_TYPE = YES_ERROR;
				GCC_WARN_UNDECLARED_SELECTOR = YES;
				GCC_WARN_UNINITIALIZED_AUTOS = YES_AGGRESSIVE;
				GCC_WARN_UNUSED_FUNCTION = YES;
				GCC_WARN_UNUSED_VARIABLE = YES;
				IPHONEOS_DEPLOYMENT_TARGET = 9.1;
				MTL_ENABLE_DEBUG_INFO = NO;
				SDKROOT = iphoneos;
				TARGETED_DEVICE_FAMILY = "1,2";
				VALIDATE_PRODUCT = YES;
			};
			name = Release;
		};
		2C683BAD1C132D5C0061D53F /* Debug */ = {
			isa = XCBuildConfiguration;
			buildSettings = {
				ASSETCATALOG_COMPILER_APPICON_NAME = AppIcon;
				INFOPLIST_FILE = monochrome/Info.plist;
				IPHONEOS_DEPLOYMENT_TARGET = 9.0;
				LD_RUNPATH_SEARCH_PATHS = "$(inherited) @executable_path/Frameworks";
				PRODUCT_BUNDLE_IDENTIFIER = com.mai.monochrome;
				PRODUCT_NAME = "$(TARGET_NAME)";
			};
			name = Debug;
		};
		2C683BAE1C132D5C0061D53F /* Release */ = {
			isa = XCBuildConfiguration;
			buildSettings = {
				ASSETCATALOG_COMPILER_APPICON_NAME = AppIcon;
				INFOPLIST_FILE = monochrome/Info.plist;
				IPHONEOS_DEPLOYMENT_TARGET = 9.0;
				LD_RUNPATH_SEARCH_PATHS = "$(inherited) @executable_path/Frameworks";
				PRODUCT_BUNDLE_IDENTIFIER = com.mai.monochrome;
				PRODUCT_NAME = "$(TARGET_NAME)";
			};
			name = Release;
		};
/* End XCBuildConfiguration section */

/* Begin XCConfigurationList section */
		2C683B951C132D5C0061D53F /* Build configuration list for PBXProject "monochrome" */ = {
			isa = XCConfigurationList;
			buildConfigurations = (
				2C683BAA1C132D5C0061D53F /* Debug */,
				2C683BAB1C132D5C0061D53F /* Release */,
			);
			defaultConfigurationIsVisible = 0;
			defaultConfigurationName = Release;
		};
		2C683BAC1C132D5C0061D53F /* Build configuration list for PBXNativeTarget "monochrome" */ = {
			isa = XCConfigurationList;
			buildConfigurations = (
				2C683BAD1C132D5C0061D53F /* Debug */,
				2C683BAE1C132D5C0061D53F /* Release */,
			);
			defaultConfigurationIsVisible = 0;
		};
/* End XCConfigurationList section */
	};
	rootObject = 2C683B921C132D5C0061D53F /* Project object */;
}
